<?xml version="1.0" encoding="utf-8"?>
<Project ToolsVersion="4.0" xmlns="http://schemas.microsoft.com/developer/msbuild/2003">
  <ItemGroup>
    <Filter Include="Исходные файлы">
      <UniqueIdentifier>{4FC737F1-C7A5-4376-A066-2A32D752A2FF}</UniqueIdentifier>
      <Extensions>cpp;c;cc;cxx;c++;cppm;ixx;def;odl;idl;hpj;bat;asm;asmx</Extensions>
    </Filter>
    <Filter Include="Файлы заголовков">
      <UniqueIdentifier>{93995380-89BD-4b04-88EB-625FBE52EBFB}</UniqueIdentifier>
      <Extensions>h;hh;hpp;hxx;h++;hm;inl;inc;ipp;xsd</Extensions>
    </Filter>
    <Filter Include="Файлы ресурсов">
      <UniqueIdentifier>{67DA6AB6-F800-4c08-8B7A-83BB121AAD01}</UniqueIdentifier>
      <Extensions>rc;ico;cur;bmp;dlg;rc2;rct;bin;rgs;gif;jpg;jpeg;jpe;resx;tiff;tif;png;wav;mfcribbon-ms</Extensions>
    </Filter>
    <Filter Include="libpqDLL">
      <UniqueIdentifier>{54cbde06-83cd-43aa-8db1-eb6fe2758b36}</UniqueIdentifier>
    </Filter>
    <Filter Include="libpqDLL\9.x">
      <UniqueIdentifier>{166d5f5c-2341-49b5-b7b4-d0e888f60bbd}</UniqueIdentifier>
    </Filter>
    <Filter Include="libpqDLL\9.x\x86">
      <UniqueIdentifier>{47aa1c86-70a0-4846-a156-1da097b5a18a}</UniqueIdentifier>
    </Filter>
    <Filter Include="libpqDLL\9.x\x64">
      <UniqueIdentifier>{59cbeea4-e253-4fd3-9b98-a83f0b737ef0}</UniqueIdentifier>
    </Filter>
    <Filter Include="libpqDLL\8.x">
      <UniqueIdentifier>{0f281171-3395-45f3-a210-7920e941909a}</UniqueIdentifier>
    </Filter>
    <Filter Include="libpqDLL\8.x\x86">
      <UniqueIdentifier>{56780bb3-d2bd-4fe8-b103-7aa3a0772e46}</UniqueIdentifier>
    </Filter>
    <Filter Include="libpqDLL\8.x\x64">
      <UniqueIdentifier>{20b386da-494f-4ba0-b681-176b2c345477}</UniqueIdentifier>
    </Filter>
  </ItemGroup>
  <ItemGroup>
    <ClCompile Include="WinksClubTulaHack.cpp">
      <Filter>Исходные файлы</Filter>
    </ClCompile>
  </ItemGroup>
  <ItemGroup>
    <ClInclude Include="Database.hpp">
      <Filter>Файлы заголовков</Filter>
    </ClInclude>
  </ItemGroup>
  <ItemGroup>
    <Text Include="Readme!!!.txt" />
  </ItemGroup>
  <ItemGroup>
    <None Include="libpqDLL\9.x\x86\zlib1.dll">
      <Filter>libpqDLL\9.x\x86</Filter>
    </None>
    <None Include="libpqDLL\9.x\x86\ssleay32.dll">
      <Filter>libpqDLL\9.x\x86</Filter>
    </None>
    <None Include="libpqDLL\9.x\x86\PgCPP.DLL.9.x.dll">
      <Filter>libpqDLL\9.x\x86</Filter>
    </None>
    <None Include="libpqDLL\9.x\x86\libxslt.dll">
      <Filter>libpqDLL\9.x\x86</Filter>
    </None>
    <None Include="libpqDLL\9.x\x86\libxml2.dll">
      <Filter>libpqDLL\9.x\x86</Filter>
    </None>
    <None Include="libpqDLL\9.x\x86\libpq.dll">
      <Filter>libpqDLL\9.x\x86</Filter>
    </None>
    <None Include="libpqDLL\9.x\x86\libintl.dll">
      <Filter>libpqDLL\9.x\x86</Filter>
    </None>
    <None Include="libpqDLL\9.x\x86\libiconv.dll">
      <Filter>libpqDLL\9.x\x86</Filter>
    </None>
    <None Include="libpqDLL\9.x\x86\libeay32.dll">
      <Filter>libpqDLL\9.x\x86</Filter>
    </None>
    <None Include="libpqDLL\9.x\x64\zlib1.dll">
      <Filter>libpqDLL\9.x\x64</Filter>
    </None>
    <None Include="libpqDLL\9.x\x64\ssleay32.dll">
      <Filter>libpqDLL\9.x\x64</Filter>
    </None>
    <None Include="libpqDLL\9.x\x64\libxslt.dll">
      <Filter>libpqDLL\9.x\x64</Filter>
    </None>
    <None Include="libpqDLL\9.x\x64\libxml2.dll">
      <Filter>libpqDLL\9.x\x64</Filter>
    </None>
    <None Include="libpqDLL\9.x\x64\libpq.dll">
      <Filter>libpqDLL\9.x\x64</Filter>
    </None>
    <None Include="libpqDLL\9.x\x64\libintl-8.dll">
      <Filter>libpqDLL\9.x\x64</Filter>
    </None>
    <None Include="libpqDLL\9.x\x64\libeay32.dll">
      <Filter>libpqDLL\9.x\x64</Filter>
    </None>
    <None Include="libpqDLL\9.x\x64\iconv.dll">
      <Filter>libpqDLL\9.x\x64</Filter>
    </None>
    <None Include="libpqDLL\8.x\x86\zlib1.dll">
      <Filter>libpqDLL\8.x\x86</Filter>
    </None>
    <None Include="libpqDLL\8.x\x86\ssleay32.dll">
      <Filter>libpqDLL\8.x\x86</Filter>
    </None>
    <None Include="libpqDLL\8.x\x86\PgCPP.DLL.8.x.dll">
      <Filter>libpqDLL\8.x\x86</Filter>
    </None>
    <None Include="libpqDLL\8.x\x86\msvcr71.dll">
      <Filter>libpqDLL\8.x\x86</Filter>
    </None>
    <None Include="libpqDLL\8.x\x86\libxslt.dll">
      <Filter>libpqDLL\8.x\x86</Filter>
    </None>
    <None Include="libpqDLL\8.x\x86\libxml2.dll">
      <Filter>libpqDLL\8.x\x86</Filter>
    </None>
    <None Include="libpqDLL\8.x\x86\libpq.dll">
      <Filter>libpqDLL\8.x\x86</Filter>
    </None>
    <None Include="libpqDLL\8.x\x86\libintl-8.dll">
      <Filter>libpqDLL\8.x\x86</Filter>
    </None>
    <None Include="libpqDLL\8.x\x86\libiconv-2.dll">
      <Filter>libpqDLL\8.x\x86</Filter>
    </None>
    <None Include="libpqDLL\8.x\x86\libeay32.dll">
      <Filter>libpqDLL\8.x\x86</Filter>
    </None>
    <None Include="libpqDLL\8.x\x86\krb5_32.dll">
      <Filter>libpqDLL\8.x\x86</Filter>
    </None>
    <None Include="libpqDLL\8.x\x86\k5sprt32.dll">
      <Filter>libpqDLL\8.x\x86</Filter>
    </None>
    <None Include="libpqDLL\8.x\x86\iconv.dll">
      <Filter>libpqDLL\8.x\x86</Filter>
    </None>
    <None Include="libpqDLL\8.x\x86\gssapi32.dll">
      <Filter>libpqDLL\8.x\x86</Filter>
    </None>
    <None Include="libpqDLL\8.x\x86\comerr32.dll">
      <Filter>libpqDLL\8.x\x86</Filter>
    </None>
    <None Include="libpqDLL\8.x\x64\zlib1.dll">
      <Filter>libpqDLL\8.x\x64</Filter>
    </None>
    <None Include="libpqDLL\8.x\x64\ssleay32.dll">
      <Filter>libpqDLL\8.x\x64</Filter>
    </None>
    <None Include="libpqDLL\8.x\x64\msvcr71.dll">
      <Filter>libpqDLL\8.x\x64</Filter>
    </None>
    <None Include="libpqDLL\8.x\x64\libxslt.dll">
      <Filter>libpqDLL\8.x\x64</Filter>
    </None>
    <None Include="libpqDLL\8.x\x64\libxml2.dll">
      <Filter>libpqDLL\8.x\x64</Filter>
    </None>
    <None Include="libpqDLL\8.x\x64\libpq.dll">
      <Filter>libpqDLL\8.x\x64</Filter>
    </None>
    <None Include="libpqDLL\8.x\x64\libintl-8.dll">
      <Filter>libpqDLL\8.x\x64</Filter>
    </None>
    <None Include="libpqDLL\8.x\x64\libiconv-2.dll">
      <Filter>libpqDLL\8.x\x64</Filter>
    </None>
    <None Include="libpqDLL\8.x\x64\libeay32.dll">
      <Filter>libpqDLL\8.x\x64</Filter>
    </None>
    <None Include="libpqDLL\8.x\x64\krb5_32.dll">
      <Filter>libpqDLL\8.x\x64</Filter>
    </None>
    <None Include="libpqDLL\8.x\x64\k5sprt32.dll">
      <Filter>libpqDLL\8.x\x64</Filter>
    </None>
    <None Include="libpqDLL\8.x\x64\iconv.dll">
      <Filter>libpqDLL\8.x\x64</Filter>
    </None>
    <None Include="libpqDLL\8.x\x64\gssapi32.dll">
      <Filter>libpqDLL\8.x\x64</Filter>
    </None>
    <None Include="libpqDLL\8.x\x64\comerr32.dll">
      <Filter>libpqDLL\8.x\x64</Filter>
    </None>
    <None Include="packages.config" />
  </ItemGroup>
  <ItemGroup>
    <Xml Include="BulkCopyConfig.xml" />
  </ItemGroup>
</Project>